
Microsoft Visual Studio Solution File, Format Version 12.00
# Visual Studio Version 16
VisualStudioVersion = 16.0.31205.134
MinimumVisualStudioVersion = 10.0.40219.1
Project("{9A19103F-16F7-4668-BE54-9A1E7A4F7556}") = "TruckControl.Api", "TruckControl.Api\TruckControl.Api.csproj", "{5A859532-2F6E-46C1-AA82-9C6BB7DFC3C3}"
EndProject
Project("{FAE04EC0-301F-11D3-BF4B-00C04F79EFBC}") = "TruckControl.Business", "TruckControl.Business\TruckControl.Business.csproj", "{83E31F87-0176-4A95-940C-F4CB86BAB9D5}"
EndProject
Project("{FAE04EC0-301F-11D3-BF4B-00C04F79EFBC}") = "TruckControl.Data", "TruckControl.Data\TruckControl.Data.csproj", "{07D48364-B7F9-42D0-B6B9-B05CE3253826}"
EndProject
Project("{FAE04EC0-301F-11D3-BF4B-00C04F79EFBC}") = "TruckControl.Test", "TruckControl.Test\TruckControl.Test.csproj", "{889FD818-17FE-46C3-87AC-AC6BEA3BDDCC}"
EndProject
Global
	GlobalSection(SolutionConfigurationPlatforms) = preSolution
		Debug|Any CPU = Debug|Any CPU
		Release|Any CPU = Release|Any CPU
	EndGlobalSection
	GlobalSection(ProjectConfigurationPlatforms) = postSolution
		{5A859532-2F6E-46C1-AA82-9C6BB7DFC3C3}.Debug|Any CPU.ActiveCfg = Debug|Any CPU
		{5A859532-2F6E-46C1-AA82-9C6BB7DFC3C3}.Debug|Any CPU.Build.0 = Debug|Any CPU
		{5A859532-2F6E-46C1-AA82-9C6BB7DFC3C3}.Release|Any CPU.ActiveCfg = Release|Any CPU
		{5A859532-2F6E-46C1-AA82-9C6BB7DFC3C3}.Release|Any CPU.Build.0 = Release|Any CPU
		{83E31F87-0176-4A95-940C-F4CB86BAB9D5}.Debug|Any CPU.ActiveCfg = Debug|Any CPU
		{83E31F87-0176-4A95-940C-F4CB86BAB9D5}.Debug|Any CPU.Build.0 = Debug|Any CPU
		{83E31F87-0176-4A95-940C-F4CB86BAB9D5}.Release|Any CPU.ActiveCfg = Release|Any CPU
		{83E31F87-0176-4A95-940C-F4CB86BAB9D5}.Release|Any CPU.Build.0 = Release|Any CPU
		{07D48364-B7F9-42D0-B6B9-B05CE3253826}.Debug|Any CPU.ActiveCfg = Debug|Any CPU
		{07D48364-B7F9-42D0-B6B9-B05CE3253826}.Debug|Any CPU.Build.0 = Debug|Any CPU
		{07D48364-B7F9-42D0-B6B9-B05CE3253826}.Release|Any CPU.ActiveCfg = Release|Any CPU
		{07D48364-B7F9-42D0-B6B9-B05CE3253826}.Release|Any CPU.Build.0 = Release|Any CPU
		{889FD818-17FE-46C3-87AC-AC6BEA3BDDCC}.Debug|Any CPU.ActiveCfg = Debug|Any CPU
		{889FD818-17FE-46C3-87AC-AC6BEA3BDDCC}.Debug|Any CPU.Build.0 = Debug|Any CPU
		{889FD818-17FE-46C3-87AC-AC6BEA3BDDCC}.Release|Any CPU.ActiveCfg = Release|Any CPU
		{889FD818-17FE-46C3-87AC-AC6BEA3BDDCC}.Release|Any CPU.Build.0 = Release|Any CPU
	EndGlobalSection
	GlobalSection(SolutionProperties) = preSolution
		HideSolutionNode = FALSE
	EndGlobalSection
	GlobalSection(ExtensibilityGlobals) = postSolution
		SolutionGuid = {092B951A-3E63-41A7-9875-E34E165689CC}
	EndGlobalSection
EndGlobal
